
Microsoft Visual Studio Solution File, Format Version 12.00
# Visual Studio Version 16
VisualStudioVersion = 16.0.31005.135
MinimumVisualStudioVersion = 10.0.40219.1
Project("{9A19103F-16F7-4668-BE54-9A1E7A4F7556}") = "FirstTask", "FirstTask\FirstTask.csproj", "{FFFCC661-6E14-4C07-9B74-51B5107E8E70}"
EndProject
Project("{FAE04EC0-301F-11D3-BF4B-00C04F79EFBC}") = "SecondTask", "SecondTask\SecondTask.csproj", "{C7B17D64-E4FB-4A0E-A403-DC5CD56FF34D}"
EndProject
Global
	GlobalSection(SolutionConfigurationPlatforms) = preSolution
		Debug|Any CPU = Debug|Any CPU
		Release|Any CPU = Release|Any CPU
	EndGlobalSection
	GlobalSection(ProjectConfigurationPlatforms) = postSolution
		{FFFCC661-6E14-4C07-9B74-51B5107E8E70}.Debug|Any CPU.ActiveCfg = Debug|Any CPU
		{FFFCC661-6E14-4C07-9B74-51B5107E8E70}.Debug|Any CPU.Build.0 = Debug|Any CPU
		{FFFCC661-6E14-4C07-9B74-51B5107E8E70}.Release|Any CPU.ActiveCfg = Release|Any CPU
		{FFFCC661-6E14-4C07-9B74-51B5107E8E70}.Release|Any CPU.Build.0 = Release|Any CPU
		{C7B17D64-E4FB-4A0E-A403-DC5CD56FF34D}.Debug|Any CPU.ActiveCfg = Debug|Any CPU
		{C7B17D64-E4FB-4A0E-A403-DC5CD56FF34D}.Debug|Any CPU.Build.0 = Debug|Any CPU
		{C7B17D64-E4FB-4A0E-A403-DC5CD56FF34D}.Release|Any CPU.ActiveCfg = Release|Any CPU
		{C7B17D64-E4FB-4A0E-A403-DC5CD56FF34D}.Release|Any CPU.Build.0 = Release|Any CPU
	EndGlobalSection
	GlobalSection(SolutionProperties) = preSolution
		HideSolutionNode = FALSE
	EndGlobalSection
	GlobalSection(ExtensibilityGlobals) = postSolution
		SolutionGuid = {C066C4E0-4D35-4374-A860-30C4697FABDC}
	EndGlobalSection
EndGlobal
